
Microsoft Visual Studio Solution File, Format Version 12.00
# Visual Studio Version 17
VisualStudioVersion = 17.0.31903.59
MinimumVisualStudioVersion = 10.0.40219.1
Project("{2150E333-8FDC-42A3-9474-1A3956D46DE8}") = "src", "src", "{827E0CD3-B72D-47B6-A68D-7590B98EB39B}"
EndProject
Project("{FAE04EC0-301F-11D3-BF4B-00C04F79EFBC}") = "CWFlgma.AppHost", "src\CWFlgma.AppHost\CWFlgma.AppHost.csproj", "{27658166-C71F-435A-B1E3-BCD45D70923E}"
EndProject
Project("{FAE04EC0-301F-11D3-BF4B-00C04F79EFBC}") = "CWFlgma.ApiService", "src\CWFlgma.ApiService\CWFlgma.ApiService.csproj", "{615C74A8-823D-474A-948A-400D8F3618B2}"
EndProject
Project("{FAE04EC0-301F-11D3-BF4B-00C04F79EFBC}") = "CWFlgma.ServiceDefaults", "src\CWFlgma.ServiceDefaults\CWFlgma.ServiceDefaults.csproj", "{9270645E-1573-4928-ACE0-5C13997773E9}"
EndProject
Project("{FAE04EC0-301F-11D3-BF4B-00C04F79EFBC}") = "CWFlgma.Web", "src\CWFlgma.Web\CWFlgma.Web.csproj", "{A6A14433-8334-496D-BDFC-CE253737CACF}"
EndProject
Project("{2150E333-8FDC-42A3-9474-1A3956D46DE8}") = "Services", "Services", "{984BB9B3-3FA3-BE33-9484-CAC21695A33C}"
EndProject
Project("{FAE04EC0-301F-11D3-BF4B-00C04F79EFBC}") = "CWFlgma.UserService", "src\Services\CWFlgma.UserService\CWFlgma.UserService.csproj", "{382147AD-9EC0-4160-A4D7-1051D8F399DA}"
EndProject
Project("{FAE04EC0-301F-11D3-BF4B-00C04F79EFBC}") = "CWFlgma.DocumentService", "src\Services\CWFlgma.DocumentService\CWFlgma.DocumentService.csproj", "{99512EBB-8188-4003-AAC1-43345B0C975D}"
EndProject
Project("{FAE04EC0-301F-11D3-BF4B-00C04F79EFBC}") = "CWFlgma.CollaborationService", "src\Services\CWFlgma.CollaborationService\CWFlgma.CollaborationService.csproj", "{AB44FE48-C17C-461E-B9CC-866AF11F5D8D}"
EndProject
Project("{FAE04EC0-301F-11D3-BF4B-00C04F79EFBC}") = "CWFlgma.ResourceService", "src\Services\CWFlgma.ResourceService\CWFlgma.ResourceService.csproj", "{BE470672-D91A-4008-8744-A20E9FE1E342}"
EndProject
Project("{FAE04EC0-301F-11D3-BF4B-00C04F79EFBC}") = "CWFlgma.Gateway", "src\Services\CWFlgma.Gateway\CWFlgma.Gateway.csproj", "{40B78271-F60A-409F-B5F7-5AE9271CA174}"
EndProject
Project("{2150E333-8FDC-42A3-9474-1A3956D46DE8}") = "Shared", "Shared", "{C8E42992-5E42-0C2B-DBFE-AA848D06431C}"
EndProject
Project("{FAE04EC0-301F-11D3-BF4B-00C04F79EFBC}") = "CWFlgma.Contracts", "src\Shared\CWFlgma.Contracts\CWFlgma.Contracts.csproj", "{29B2A68C-40B0-417D-8EA6-ABD824504725}"
EndProject
Project("{FAE04EC0-301F-11D3-BF4B-00C04F79EFBC}") = "CWFlgma.Infrastructure", "src\Shared\CWFlgma.Infrastructure\CWFlgma.Infrastructure.csproj", "{6CAB336C-2B74-4A1A-91AB-BC870910C32E}"
EndProject
Project("{2150E333-8FDC-42A3-9474-1A3956D46DE8}") = "CWFlgma.Seeder", "CWFlgma.Seeder", "{3FBB3E50-700F-1573-928F-7BDCF8041A01}"
EndProject
Project("{FAE04EC0-301F-11D3-BF4B-00C04F79EFBC}") = "CWFlgma.Seeder", "src\CWFlgma.Seeder\CWFlgma.Seeder\CWFlgma.Seeder.csproj", "{D0FE2144-C8DE-497C-BCC8-5390FCC13097}"
EndProject
Global
	GlobalSection(SolutionConfigurationPlatforms) = preSolution
		Debug|Any CPU = Debug|Any CPU
		Debug|x64 = Debug|x64
		Debug|x86 = Debug|x86
		Release|Any CPU = Release|Any CPU
		Release|x64 = Release|x64
		Release|x86 = Release|x86
	EndGlobalSection
	GlobalSection(ProjectConfigurationPlatforms) = postSolution
		{27658166-C71F-435A-B1E3-BCD45D70923E}.Debug|Any CPU.ActiveCfg = Debug|Any CPU
		{27658166-C71F-435A-B1E3-BCD45D70923E}.Debug|Any CPU.Build.0 = Debug|Any CPU
		{27658166-C71F-435A-B1E3-BCD45D70923E}.Debug|x64.ActiveCfg = Debug|Any CPU
		{27658166-C71F-435A-B1E3-BCD45D70923E}.Debug|x64.Build.0 = Debug|Any CPU
		{27658166-C71F-435A-B1E3-BCD45D70923E}.Debug|x86.ActiveCfg = Debug|Any CPU
		{27658166-C71F-435A-B1E3-BCD45D70923E}.Debug|x86.Build.0 = Debug|Any CPU
		{27658166-C71F-435A-B1E3-BCD45D70923E}.Release|Any CPU.ActiveCfg = Release|Any CPU
		{27658166-C71F-435A-B1E3-BCD45D70923E}.Release|Any CPU.Build.0 = Release|Any CPU
		{27658166-C71F-435A-B1E3-BCD45D70923E}.Release|x64.ActiveCfg = Release|Any CPU
		{27658166-C71F-435A-B1E3-BCD45D70923E}.Release|x64.Build.0 = Release|Any CPU
		{27658166-C71F-435A-B1E3-BCD45D70923E}.Release|x86.ActiveCfg = Release|Any CPU
		{27658166-C71F-435A-B1E3-BCD45D70923E}.Release|x86.Build.0 = Release|Any CPU
		{615C74A8-823D-474A-948A-400D8F3618B2}.Debug|Any CPU.ActiveCfg = Debug|Any CPU
		{615C74A8-823D-474A-948A-400D8F3618B2}.Debug|Any CPU.Build.0 = Debug|Any CPU
		{615C74A8-823D-474A-948A-400D8F3618B2}.Debug|x64.ActiveCfg = Debug|Any CPU
		{615C74A8-823D-474A-948A-400D8F3618B2}.Debug|x64.Build.0 = Debug|Any CPU
		{615C74A8-823D-474A-948A-400D8F3618B2}.Debug|x86.ActiveCfg = Debug|Any CPU
		{615C74A8-823D-474A-948A-400D8F3618B2}.Debug|x86.Build.0 = Debug|Any CPU
		{615C74A8-823D-474A-948A-400D8F3618B2}.Release|Any CPU.ActiveCfg = Release|Any CPU
		{615C74A8-823D-474A-948A-400D8F3618B2}.Release|Any CPU.Build.0 = Release|Any CPU
		{615C74A8-823D-474A-948A-400D8F3618B2}.Release|x64.ActiveCfg = Release|Any CPU
		{615C74A8-823D-474A-948A-400D8F3618B2}.Release|x64.Build.0 = Release|Any CPU
		{615C74A8-823D-474A-948A-400D8F3618B2}.Release|x86.ActiveCfg = Release|Any CPU
		{615C74A8-823D-474A-948A-400D8F3618B2}.Release|x86.Build.0 = Release|Any CPU
		{9270645E-1573-4928-ACE0-5C13997773E9}.Debug|Any CPU.ActiveCfg = Debug|Any CPU
		{9270645E-1573-4928-ACE0-5C13997773E9}.Debug|Any CPU.Build.0 = Debug|Any CPU
		{9270645E-1573-4928-ACE0-5C13997773E9}.Debug|x64.ActiveCfg = Debug|Any CPU
		{9270645E-1573-4928-ACE0-5C13997773E9}.Debug|x64.Build.0 = Debug|Any CPU
		{9270645E-1573-4928-ACE0-5C13997773E9}.Debug|x86.ActiveCfg = Debug|Any CPU
		{9270645E-1573-4928-ACE0-5C13997773E9}.Debug|x86.Build.0 = Debug|Any CPU
		{9270645E-1573-4928-ACE0-5C13997773E9}.Release|Any CPU.ActiveCfg = Release|Any CPU
		{9270645E-1573-4928-ACE0-5C13997773E9}.Release|Any CPU.Build.0 = Release|Any CPU
		{9270645E-1573-4928-ACE0-5C13997773E9}.Release|x64.ActiveCfg = Release|Any CPU
		{9270645E-1573-4928-ACE0-5C13997773E9}.Release|x64.Build.0 = Release|Any CPU
		{9270645E-1573-4928-ACE0-5C13997773E9}.Release|x86.ActiveCfg = Release|Any CPU
		{9270645E-1573-4928-ACE0-5C13997773E9}.Release|x86.Build.0 = Release|Any CPU
		{A6A14433-8334-496D-BDFC-CE253737CACF}.Debug|Any CPU.ActiveCfg = Debug|Any CPU
		{A6A14433-8334-496D-BDFC-CE253737CACF}.Debug|Any CPU.Build.0 = Debug|Any CPU
		{A6A14433-8334-496D-BDFC-CE253737CACF}.Debug|x64.ActiveCfg = Debug|Any CPU
		{A6A14433-8334-496D-BDFC-CE253737CACF}.Debug|x64.Build.0 = Debug|Any CPU
		{A6A14433-8334-496D-BDFC-CE253737CACF}.Debug|x86.ActiveCfg = Debug|Any CPU
		{A6A14433-8334-496D-BDFC-CE253737CACF}.Debug|x86.Build.0 = Debug|Any CPU
		{A6A14433-8334-496D-BDFC-CE253737CACF}.Release|Any CPU.ActiveCfg = Release|Any CPU
		{A6A14433-8334-496D-BDFC-CE253737CACF}.Release|Any CPU.Build.0 = Release|Any CPU
		{A6A14433-8334-496D-BDFC-CE253737CACF}.Release|x64.ActiveCfg = Release|Any CPU
		{A6A14433-8334-496D-BDFC-CE253737CACF}.Release|x64.Build.0 = Release|Any CPU
		{A6A14433-8334-496D-BDFC-CE253737CACF}.Release|x86.ActiveCfg = Release|Any CPU
		{A6A14433-8334-496D-BDFC-CE253737CACF}.Release|x86.Build.0 = Release|Any CPU
		{382147AD-9EC0-4160-A4D7-1051D8F399DA}.Debug|Any CPU.ActiveCfg = Debug|Any CPU
		{382147AD-9EC0-4160-A4D7-1051D8F399DA}.Debug|Any CPU.Build.0 = Debug|Any CPU
		{382147AD-9EC0-4160-A4D7-1051D8F399DA}.Debug|x64.ActiveCfg = Debug|Any CPU
		{382147AD-9EC0-4160-A4D7-1051D8F399DA}.Debug|x64.Build.0 = Debug|Any CPU
		{382147AD-9EC0-4160-A4D7-1051D8F399DA}.Debug|x86.ActiveCfg = Debug|Any CPU
		{382147AD-9EC0-4160-A4D7-1051D8F399DA}.Debug|x86.Build.0 = Debug|Any CPU
		{382147AD-9EC0-4160-A4D7-1051D8F399DA}.Release|Any CPU.ActiveCfg = Release|Any CPU
		{382147AD-9EC0-4160-A4D7-1051D8F399DA}.Release|Any CPU.Build.0 = Release|Any CPU
		{382147AD-9EC0-4160-A4D7-1051D8F399DA}.Release|x64.ActiveCfg = Release|Any CPU
		{382147AD-9EC0-4160-A4D7-1051D8F399DA}.Release|x64.Build.0 = Release|Any CPU
		{382147AD-9EC0-4160-A4D7-1051D8F399DA}.Release|x86.ActiveCfg = Release|Any CPU
		{382147AD-9EC0-4160-A4D7-1051D8F399DA}.Release|x86.Build.0 = Release|Any CPU
		{99512EBB-8188-4003-AAC1-43345B0C975D}.Debug|Any CPU.ActiveCfg = Debug|Any CPU
		{99512EBB-8188-4003-AAC1-43345B0C975D}.Debug|Any CPU.Build.0 = Debug|Any CPU
		{99512EBB-8188-4003-AAC1-43345B0C975D}.Debug|x64.ActiveCfg = Debug|Any CPU
		{99512EBB-8188-4003-AAC1-43345B0C975D}.Debug|x64.Build.0 = Debug|Any CPU
		{99512EBB-8188-4003-AAC1-43345B0C975D}.Debug|x86.ActiveCfg = Debug|Any CPU
		{99512EBB-8188-4003-AAC1-43345B0C975D}.Debug|x86.Build.0 = Debug|Any CPU
		{99512EBB-8188-4003-AAC1-43345B0C975D}.Release|Any CPU.ActiveCfg = Release|Any CPU
		{99512EBB-8188-4003-AAC1-43345B0C975D}.Release|Any CPU.Build.0 = Release|Any CPU
		{99512EBB-8188-4003-AAC1-43345B0C975D}.Release|x64.ActiveCfg = Release|Any CPU
		{99512EBB-8188-4003-AAC1-43345B0C975D}.Release|x64.Build.0 = Release|Any CPU
		{99512EBB-8188-4003-AAC1-43345B0C975D}.Release|x86.ActiveCfg = Release|Any CPU
		{99512EBB-8188-4003-AAC1-43345B0C975D}.Release|x86.Build.0 = Release|Any CPU
		{AB44FE48-C17C-461E-B9CC-866AF11F5D8D}.Debug|Any CPU.ActiveCfg = Debug|Any CPU
		{AB44FE48-C17C-461E-B9CC-866AF11F5D8D}.Debug|Any CPU.Build.0 = Debug|Any CPU
		{AB44FE48-C17C-461E-B9CC-866AF11F5D8D}.Debug|x64.ActiveCfg = Debug|Any CPU
		{AB44FE48-C17C-461E-B9CC-866AF11F5D8D}.Debug|x64.Build.0 = Debug|Any CPU
		{AB44FE48-C17C-461E-B9CC-866AF11F5D8D}.Debug|x86.ActiveCfg = Debug|Any CPU
		{AB44FE48-C17C-461E-B9CC-866AF11F5D8D}.Debug|x86.Build.0 = Debug|Any CPU
		{AB44FE48-C17C-461E-B9CC-866AF11F5D8D}.Release|Any CPU.ActiveCfg = Release|Any CPU
		{AB44FE48-C17C-461E-B9CC-866AF11F5D8D}.Release|Any CPU.Build.0 = Release|Any CPU
		{AB44FE48-C17C-461E-B9CC-866AF11F5D8D}.Release|x64.ActiveCfg = Release|Any CPU
		{AB44FE48-C17C-461E-B9CC-866AF11F5D8D}.Release|x64.Build.0 = Release|Any CPU
		{AB44FE48-C17C-461E-B9CC-866AF11F5D8D}.Release|x86.ActiveCfg = Release|Any CPU
		{AB44FE48-C17C-461E-B9CC-866AF11F5D8D}.Release|x86.Build.0 = Release|Any CPU
		{BE470672-D91A-4008-8744-A20E9FE1E342}.Debug|Any CPU.ActiveCfg = Debug|Any CPU
		{BE470672-D91A-4008-8744-A20E9FE1E342}.Debug|Any CPU.Build.0 = Debug|Any CPU
		{BE470672-D91A-4008-8744-A20E9FE1E342}.Debug|x64.ActiveCfg = Debug|Any CPU
		{BE470672-D91A-4008-8744-A20E9FE1E342}.Debug|x64.Build.0 = Debug|Any CPU
		{BE470672-D91A-4008-8744-A20E9FE1E342}.Debug|x86.ActiveCfg = Debug|Any CPU
		{BE470672-D91A-4008-8744-A20E9FE1E342}.Debug|x86.Build.0 = Debug|Any CPU
		{BE470672-D91A-4008-8744-A20E9FE1E342}.Release|Any CPU.ActiveCfg = Release|Any CPU
		{BE470672-D91A-4008-8744-A20E9FE1E342}.Release|Any CPU.Build.0 = Release|Any CPU
		{BE470672-D91A-4008-8744-A20E9FE1E342}.Release|x64.ActiveCfg = Release|Any CPU
		{BE470672-D91A-4008-8744-A20E9FE1E342}.Release|x64.Build.0 = Release|Any CPU
		{BE470672-D91A-4008-8744-A20E9FE1E342}.Release|x86.ActiveCfg = Release|Any CPU
		{BE470672-D91A-4008-8744-A20E9FE1E342}.Release|x86.Build.0 = Release|Any CPU
		{40B78271-F60A-409F-B5F7-5AE9271CA174}.Debug|Any CPU.ActiveCfg = Debug|Any CPU
		{40B78271-F60A-409F-B5F7-5AE9271CA174}.Debug|Any CPU.Build.0 = Debug|Any CPU
		{40B78271-F60A-409F-B5F7-5AE9271CA174}.Debug|x64.ActiveCfg = Debug|Any CPU
		{40B78271-F60A-409F-B5F7-5AE9271CA174}.Debug|x64.Build.0 = Debug|Any CPU
		{40B78271-F60A-409F-B5F7-5AE9271CA174}.Debug|x86.ActiveCfg = Debug|Any CPU
		{40B78271-F60A-409F-B5F7-5AE9271CA174}.Debug|x86.Build.0 = Debug|Any CPU
		{40B78271-F60A-409F-B5F7-5AE9271CA174}.Release|Any CPU.ActiveCfg = Release|Any CPU
		{40B78271-F60A-409F-B5F7-5AE9271CA174}.Release|Any CPU.Build.0 = Release|Any CPU
		{40B78271-F60A-409F-B5F7-5AE9271CA174}.Release|x64.ActiveCfg = Release|Any CPU
		{40B78271-F60A-409F-B5F7-5AE9271CA174}.Release|x64.Build.0 = Release|Any CPU
		{40B78271-F60A-409F-B5F7-5AE9271CA174}.Release|x86.ActiveCfg = Release|Any CPU
		{40B78271-F60A-409F-B5F7-5AE9271CA174}.Release|x86.Build.0 = Release|Any CPU
		{29B2A68C-40B0-417D-8EA6-ABD824504725}.Debug|Any CPU.ActiveCfg = Debug|Any CPU
		{29B2A68C-40B0-417D-8EA6-ABD824504725}.Debug|Any CPU.Build.0 = Debug|Any CPU
		{29B2A68C-40B0-417D-8EA6-ABD824504725}.Debug|x64.ActiveCfg = Debug|Any CPU
		{29B2A68C-40B0-417D-8EA6-ABD824504725}.Debug|x64.Build.0 = Debug|Any CPU
		{29B2A68C-40B0-417D-8EA6-ABD824504725}.Debug|x86.ActiveCfg = Debug|Any CPU
		{29B2A68C-40B0-417D-8EA6-ABD824504725}.Debug|x86.Build.0 = Debug|Any CPU
		{29B2A68C-40B0-417D-8EA6-ABD824504725}.Release|Any CPU.ActiveCfg = Release|Any CPU
		{29B2A68C-40B0-417D-8EA6-ABD824504725}.Release|Any CPU.Build.0 = Release|Any CPU
		{29B2A68C-40B0-417D-8EA6-ABD824504725}.Release|x64.ActiveCfg = Release|Any CPU
		{29B2A68C-40B0-417D-8EA6-ABD824504725}.Release|x64.Build.0 = Release|Any CPU
		{29B2A68C-40B0-417D-8EA6-ABD824504725}.Release|x86.ActiveCfg = Release|Any CPU
		{29B2A68C-40B0-417D-8EA6-ABD824504725}.Release|x86.Build.0 = Release|Any CPU
		{6CAB336C-2B74-4A1A-91AB-BC870910C32E}.Debug|Any CPU.ActiveCfg = Debug|Any CPU
		{6CAB336C-2B74-4A1A-91AB-BC870910C32E}.Debug|Any CPU.Build.0 = Debug|Any CPU
		{6CAB336C-2B74-4A1A-91AB-BC870910C32E}.Debug|x64.ActiveCfg = Debug|Any CPU
		{6CAB336C-2B74-4A1A-91AB-BC870910C32E}.Debug|x64.Build.0 = Debug|Any CPU
		{6CAB336C-2B74-4A1A-91AB-BC870910C32E}.Debug|x86.ActiveCfg = Debug|Any CPU
		{6CAB336C-2B74-4A1A-91AB-BC870910C32E}.Debug|x86.Build.0 = Debug|Any CPU
		{6CAB336C-2B74-4A1A-91AB-BC870910C32E}.Release|Any CPU.ActiveCfg = Release|Any CPU
		{6CAB336C-2B74-4A1A-91AB-BC870910C32E}.Release|Any CPU.Build.0 = Release|Any CPU
		{6CAB336C-2B74-4A1A-91AB-BC870910C32E}.Release|x64.ActiveCfg = Release|Any CPU
		{6CAB336C-2B74-4A1A-91AB-BC870910C32E}.Release|x64.Build.0 = Release|Any CPU
		{6CAB336C-2B74-4A1A-91AB-BC870910C32E}.Release|x86.ActiveCfg = Release|Any CPU
		{6CAB336C-2B74-4A1A-91AB-BC870910C32E}.Release|x86.Build.0 = Release|Any CPU
		{D0FE2144-C8DE-497C-BCC8-5390FCC13097}.Debug|Any CPU.ActiveCfg = Debug|Any CPU
		{D0FE2144-C8DE-497C-BCC8-5390FCC13097}.Debug|Any CPU.Build.0 = Debug|Any CPU
		{D0FE2144-C8DE-497C-BCC8-5390FCC13097}.Debug|x64.ActiveCfg = Debug|Any CPU
		{D0FE2144-C8DE-497C-BCC8-5390FCC13097}.Debug|x64.Build.0 = Debug|Any CPU
		{D0FE2144-C8DE-497C-BCC8-5390FCC13097}.Debug|x86.ActiveCfg = Debug|Any CPU
		{D0FE2144-C8DE-497C-BCC8-5390FCC13097}.Debug|x86.Build.0 = Debug|Any CPU
		{D0FE2144-C8DE-497C-BCC8-5390FCC13097}.Release|Any CPU.ActiveCfg = Release|Any CPU
		{D0FE2144-C8DE-497C-BCC8-5390FCC13097}.Release|Any CPU.Build.0 = Release|Any CPU
		{D0FE2144-C8DE-497C-BCC8-5390FCC13097}.Release|x64.ActiveCfg = Release|Any CPU
		{D0FE2144-C8DE-497C-BCC8-5390FCC13097}.Release|x64.Build.0 = Release|Any CPU
		{D0FE2144-C8DE-497C-BCC8-5390FCC13097}.Release|x86.ActiveCfg = Release|Any CPU
		{D0FE2144-C8DE-497C-BCC8-5390FCC13097}.Release|x86.Build.0 = Release|Any CPU
	EndGlobalSection
	GlobalSection(SolutionProperties) = preSolution
		HideSolutionNode = FALSE
	EndGlobalSection
	GlobalSection(NestedProjects) = preSolution
		{27658166-C71F-435A-B1E3-BCD45D70923E} = {827E0CD3-B72D-47B6-A68D-7590B98EB39B}
		{615C74A8-823D-474A-948A-400D8F3618B2} = {827E0CD3-B72D-47B6-A68D-7590B98EB39B}
		{9270645E-1573-4928-ACE0-5C13997773E9} = {827E0CD3-B72D-47B6-A68D-7590B98EB39B}
		{A6A14433-8334-496D-BDFC-CE253737CACF} = {827E0CD3-B72D-47B6-A68D-7590B98EB39B}
		{984BB9B3-3FA3-BE33-9484-CAC21695A33C} = {827E0CD3-B72D-47B6-A68D-7590B98EB39B}
		{382147AD-9EC0-4160-A4D7-1051D8F399DA} = {984BB9B3-3FA3-BE33-9484-CAC21695A33C}
		{99512EBB-8188-4003-AAC1-43345B0C975D} = {984BB9B3-3FA3-BE33-9484-CAC21695A33C}
		{AB44FE48-C17C-461E-B9CC-866AF11F5D8D} = {984BB9B3-3FA3-BE33-9484-CAC21695A33C}
		{BE470672-D91A-4008-8744-A20E9FE1E342} = {984BB9B3-3FA3-BE33-9484-CAC21695A33C}
		{40B78271-F60A-409F-B5F7-5AE9271CA174} = {984BB9B3-3FA3-BE33-9484-CAC21695A33C}
		{C8E42992-5E42-0C2B-DBFE-AA848D06431C} = {827E0CD3-B72D-47B6-A68D-7590B98EB39B}
		{29B2A68C-40B0-417D-8EA6-ABD824504725} = {C8E42992-5E42-0C2B-DBFE-AA848D06431C}
		{6CAB336C-2B74-4A1A-91AB-BC870910C32E} = {C8E42992-5E42-0C2B-DBFE-AA848D06431C}
		{3FBB3E50-700F-1573-928F-7BDCF8041A01} = {827E0CD3-B72D-47B6-A68D-7590B98EB39B}
		{D0FE2144-C8DE-497C-BCC8-5390FCC13097} = {3FBB3E50-700F-1573-928F-7BDCF8041A01}
	EndGlobalSection
EndGlobal
